// !$*UTF8*$!
{
	archiveVersion = 1;
	classes = {
	};
	objectVersion = 56;
	objects = {

/* Begin PBXBuildFile section */
		2B4D30932B590EA400CF0461 /* FavoriteGridView.swift in Sources */ = {isa = PBXBuildFile; fileRef = 2B4D30922B590EA400CF0461 /* FavoriteGridView.swift */; };
		2B4D30952B590EC100CF0461 /* FavoriteGridViewModel.swift in Sources */ = {isa = PBXBuildFile; fileRef = 2B4D30942B590EC100CF0461 /* FavoriteGridViewModel.swift */; };
		2B4D30972B591BAF00CF0461 /* ProfileHeaderViewModel.swift in Sources */ = {isa = PBXBuildFile; fileRef = 2B4D30962B591BAF00CF0461 /* ProfileHeaderViewModel.swift */; };
		2B4D309A2B59307E00CF0461 /* ProfileAuthService.swift in Sources */ = {isa = PBXBuildFile; fileRef = 2B4D30992B59307E00CF0461 /* ProfileAuthService.swift */; };
		2B4D78A22B5CE7FF00FFC513 /* ProfileViewModel.swift in Sources */ = {isa = PBXBuildFile; fileRef = 2B4D78A12B5CE7FF00FFC513 /* ProfileViewModel.swift */; };
		2B6C62342AB18A1400B2D8D1 /* MyCookingApp.swift in Sources */ = {isa = PBXBuildFile; fileRef = 2B6C62332AB18A1400B2D8D1 /* MyCookingApp.swift */; };
		2B6C62362AB18A1400B2D8D1 /* ContentView.swift in Sources */ = {isa = PBXBuildFile; fileRef = 2B6C62352AB18A1400B2D8D1 /* ContentView.swift */; };
		2B6C62382AB18A1500B2D8D1 /* Assets.xcassets in Resources */ = {isa = PBXBuildFile; fileRef = 2B6C62372AB18A1500B2D8D1 /* Assets.xcassets */; };
		2B6C623B2AB18A1500B2D8D1 /* Preview Assets.xcassets in Resources */ = {isa = PBXBuildFile; fileRef = 2B6C623A2AB18A1500B2D8D1 /* Preview Assets.xcassets */; };
		2B6EF5AB2B47E93F00169FEF /* SearchViewModel.swift in Sources */ = {isa = PBXBuildFile; fileRef = 2B6EF5AA2B47E93F00169FEF /* SearchViewModel.swift */; };
		2B740EF22B48F73600735A36 /* showRecipeView.swift in Sources */ = {isa = PBXBuildFile; fileRef = 2B740EF12B48F73600735A36 /* showRecipeView.swift */; };
		2B740EF42B48FBEF00735A36 /* ShowRecipeViewModel.swift in Sources */ = {isa = PBXBuildFile; fileRef = 2B740EF32B48FBEF00735A36 /* ShowRecipeViewModel.swift */; };
		2B740EF62B4BC1CC00735A36 /* ItemHeaderView.swift in Sources */ = {isa = PBXBuildFile; fileRef = 2B740EF52B4BC1CC00735A36 /* ItemHeaderView.swift */; };
		2B740EF82B4BCC0E00735A36 /* ItemScrollView.swift in Sources */ = {isa = PBXBuildFile; fileRef = 2B740EF72B4BCC0E00735A36 /* ItemScrollView.swift */; };
		2B740EFA2B4BCF1500735A36 /* ItemSearchView.swift in Sources */ = {isa = PBXBuildFile; fileRef = 2B740EF92B4BCF1500735A36 /* ItemSearchView.swift */; };
		2B740F022B4D1F7A00735A36 /* StackCardView.swift in Sources */ = {isa = PBXBuildFile; fileRef = 2B740F012B4D1F7A00735A36 /* StackCardView.swift */; };
		2B740F042B4D432700735A36 /* HomeFavoriteView.swift in Sources */ = {isa = PBXBuildFile; fileRef = 2B740F032B4D432700735A36 /* HomeFavoriteView.swift */; };
		2B740F0B2B4EA09B00735A36 /* ResultListView.swift in Sources */ = {isa = PBXBuildFile; fileRef = 2B740F0A2B4EA09B00735A36 /* ResultListView.swift */; };
		2B740F0D2B4EA0A600735A36 /* ResultCellView.swift in Sources */ = {isa = PBXBuildFile; fileRef = 2B740F0C2B4EA0A600735A36 /* ResultCellView.swift */; };
		2B740F102B4FC77F00735A36 /* FirebaseAnalytics in Frameworks */ = {isa = PBXBuildFile; productRef = 2B740F0F2B4FC77F00735A36 /* FirebaseAnalytics */; };
		2B740F122B4FC77F00735A36 /* FirebaseAnalyticsOnDeviceConversion in Frameworks */ = {isa = PBXBuildFile; productRef = 2B740F112B4FC77F00735A36 /* FirebaseAnalyticsOnDeviceConversion */; };
		2B740F142B4FC77F00735A36 /* FirebaseAnalyticsSwift in Frameworks */ = {isa = PBXBuildFile; productRef = 2B740F132B4FC77F00735A36 /* FirebaseAnalyticsSwift */; };
		2B740F162B4FC77F00735A36 /* FirebaseAnalyticsWithoutAdIdSupport in Frameworks */ = {isa = PBXBuildFile; productRef = 2B740F152B4FC77F00735A36 /* FirebaseAnalyticsWithoutAdIdSupport */; };
		2B740F182B4FC77F00735A36 /* FirebaseAppCheck in Frameworks */ = {isa = PBXBuildFile; productRef = 2B740F172B4FC77F00735A36 /* FirebaseAppCheck */; };
		2B740F1A2B4FC77F00735A36 /* FirebaseAppDistribution-Beta in Frameworks */ = {isa = PBXBuildFile; productRef = 2B740F192B4FC77F00735A36 /* FirebaseAppDistribution-Beta */; };
		2B740F1C2B4FC77F00735A36 /* FirebaseAuth in Frameworks */ = {isa = PBXBuildFile; productRef = 2B740F1B2B4FC77F00735A36 /* FirebaseAuth */; };
		2B740F1E2B4FC77F00735A36 /* FirebaseAuthCombine-Community in Frameworks */ = {isa = PBXBuildFile; productRef = 2B740F1D2B4FC77F00735A36 /* FirebaseAuthCombine-Community */; };
		2B740F202B4FC77F00735A36 /* FirebaseCrashlytics in Frameworks */ = {isa = PBXBuildFile; productRef = 2B740F1F2B4FC77F00735A36 /* FirebaseCrashlytics */; };
		2B740F222B4FC77F00735A36 /* FirebaseDatabase in Frameworks */ = {isa = PBXBuildFile; productRef = 2B740F212B4FC77F00735A36 /* FirebaseDatabase */; };
		2B740F242B4FC77F00735A36 /* FirebaseDatabaseSwift in Frameworks */ = {isa = PBXBuildFile; productRef = 2B740F232B4FC77F00735A36 /* FirebaseDatabaseSwift */; };
		2B740F262B4FC77F00735A36 /* FirebaseDynamicLinks in Frameworks */ = {isa = PBXBuildFile; productRef = 2B740F252B4FC77F00735A36 /* FirebaseDynamicLinks */; };
		2B740F282B4FC77F00735A36 /* FirebaseFirestore in Frameworks */ = {isa = PBXBuildFile; productRef = 2B740F272B4FC77F00735A36 /* FirebaseFirestore */; };
		2B740F2A2B4FC77F00735A36 /* FirebaseFirestoreCombine-Community in Frameworks */ = {isa = PBXBuildFile; productRef = 2B740F292B4FC77F00735A36 /* FirebaseFirestoreCombine-Community */; };
		2B740F2C2B4FC77F00735A36 /* FirebaseFirestoreSwift in Frameworks */ = {isa = PBXBuildFile; productRef = 2B740F2B2B4FC77F00735A36 /* FirebaseFirestoreSwift */; };
		2B740F2E2B4FC77F00735A36 /* FirebaseFunctions in Frameworks */ = {isa = PBXBuildFile; productRef = 2B740F2D2B4FC77F00735A36 /* FirebaseFunctions */; };
		2B740F302B4FC77F00735A36 /* FirebaseFunctionsCombine-Community in Frameworks */ = {isa = PBXBuildFile; productRef = 2B740F2F2B4FC77F00735A36 /* FirebaseFunctionsCombine-Community */; };
		2B740F322B4FC77F00735A36 /* FirebaseInAppMessaging-Beta in Frameworks */ = {isa = PBXBuildFile; productRef = 2B740F312B4FC77F00735A36 /* FirebaseInAppMessaging-Beta */; };
		2B740F342B4FC77F00735A36 /* FirebaseInAppMessagingSwift-Beta in Frameworks */ = {isa = PBXBuildFile; productRef = 2B740F332B4FC77F00735A36 /* FirebaseInAppMessagingSwift-Beta */; };
		2B740F362B4FC77F00735A36 /* FirebaseInstallations in Frameworks */ = {isa = PBXBuildFile; productRef = 2B740F352B4FC77F00735A36 /* FirebaseInstallations */; };
		2B740F382B4FC77F00735A36 /* FirebaseMLModelDownloader in Frameworks */ = {isa = PBXBuildFile; productRef = 2B740F372B4FC77F00735A36 /* FirebaseMLModelDownloader */; };
		2B740F3A2B4FC77F00735A36 /* FirebaseMessaging in Frameworks */ = {isa = PBXBuildFile; productRef = 2B740F392B4FC77F00735A36 /* FirebaseMessaging */; };
		2B740F3C2B4FC77F00735A36 /* FirebasePerformance in Frameworks */ = {isa = PBXBuildFile; productRef = 2B740F3B2B4FC77F00735A36 /* FirebasePerformance */; };
		2B740F3E2B4FC77F00735A36 /* FirebaseRemoteConfig in Frameworks */ = {isa = PBXBuildFile; productRef = 2B740F3D2B4FC77F00735A36 /* FirebaseRemoteConfig */; };
		2B740F402B4FC77F00735A36 /* FirebaseRemoteConfigSwift in Frameworks */ = {isa = PBXBuildFile; productRef = 2B740F3F2B4FC77F00735A36 /* FirebaseRemoteConfigSwift */; };
		2B740F422B4FC77F00735A36 /* FirebaseStorage in Frameworks */ = {isa = PBXBuildFile; productRef = 2B740F412B4FC77F00735A36 /* FirebaseStorage */; };
		2B740F442B4FC77F00735A36 /* FirebaseStorageCombine-Community in Frameworks */ = {isa = PBXBuildFile; productRef = 2B740F432B4FC77F00735A36 /* FirebaseStorageCombine-Community */; };
		2B947B842B5CC770005AE745 /* UploadHashView.swift in Sources */ = {isa = PBXBuildFile; fileRef = 2B947B832B5CC770005AE745 /* UploadHashView.swift */; };
		2BD33B982B5620E9004FD3E6 /* HomeSelectedCategoryView.swift in Sources */ = {isa = PBXBuildFile; fileRef = 2BD33B972B5620E9004FD3E6 /* HomeSelectedCategoryView.swift */; };
		2BD33B9A2B562569004FD3E6 /* Category.swift in Sources */ = {isa = PBXBuildFile; fileRef = 2BD33B992B562569004FD3E6 /* Category.swift */; };
		2BD3D47F2B47D82900D19DBB /* UploadViewModel.swift in Sources */ = {isa = PBXBuildFile; fileRef = 2BD3D47E2B47D82900D19DBB /* UploadViewModel.swift */; };
		2BE283A52B4676680095F88D /* User.swift in Sources */ = {isa = PBXBuildFile; fileRef = 2BE283A42B4676680095F88D /* User.swift */; };
		2BE283A72B4676A00095F88D /* Profile.swift in Sources */ = {isa = PBXBuildFile; fileRef = 2BE283A62B4676A00095F88D /* Profile.swift */; };
		2BE283A92B4676CC0095F88D /* ProfileHeaderView.swift in Sources */ = {isa = PBXBuildFile; fileRef = 2BE283A82B4676CC0095F88D /* ProfileHeaderView.swift */; };
		2BE283AB2B4677280095F88D /* PostGridView.swift in Sources */ = {isa = PBXBuildFile; fileRef = 2BE283AA2B4677280095F88D /* PostGridView.swift */; };
		2BE283B12B4677840095F88D /* MainTabView.swift in Sources */ = {isa = PBXBuildFile; fileRef = 2BE283B02B4677840095F88D /* MainTabView.swift */; };
		2BE283B32B4677B20095F88D /* ItemView.swift in Sources */ = {isa = PBXBuildFile; fileRef = 2BE283B22B4677B20095F88D /* ItemView.swift */; };
		2BE283B52B4677C20095F88D /* TicktokView.swift in Sources */ = {isa = PBXBuildFile; fileRef = 2BE283B42B4677C20095F88D /* TicktokView.swift */; };
		2BE283B72B4677CD0095F88D /* HomeView.swift in Sources */ = {isa = PBXBuildFile; fileRef = 2BE283B62B4677CD0095F88D /* HomeView.swift */; };
		2BE283B92B4677DA0095F88D /* UploadView.swift in Sources */ = {isa = PBXBuildFile; fileRef = 2BE283B82B4677DA0095F88D /* UploadView.swift */; };
		2BE283BD2B46790E0095F88D /* Kingfisher in Frameworks */ = {isa = PBXBuildFile; productRef = 2BE283BC2B46790E0095F88D /* Kingfisher */; };
		2BE283BF2B4679340095F88D /* CircularProfileImageView.swift in Sources */ = {isa = PBXBuildFile; fileRef = 2BE283BE2B4679340095F88D /* CircularProfileImageView.swift */; };
		2BE283C12B4679460095F88D /* IGTextFieldModifire.swift in Sources */ = {isa = PBXBuildFile; fileRef = 2BE283C02B4679460095F88D /* IGTextFieldModifire.swift */; };
		2BE283C32B4679590095F88D /* UserStatView.swift in Sources */ = {isa = PBXBuildFile; fileRef = 2BE283C22B4679590095F88D /* UserStatView.swift */; };
		2BE283C92B4679D60095F88D /* PostGridViewModel.swift in Sources */ = {isa = PBXBuildFile; fileRef = 2BE283C82B4679D60095F88D /* PostGridViewModel.swift */; };
		2BE283CB2B4679F70095F88D /* Post.swift in Sources */ = {isa = PBXBuildFile; fileRef = 2BE283CA2B4679F70095F88D /* Post.swift */; };
		2BE283CD2B467AB10095F88D /* EditProfileView.swift in Sources */ = {isa = PBXBuildFile; fileRef = 2BE283CC2B467AB10095F88D /* EditProfileView.swift */; };
		2BE283CF2B4680A20095F88D /* GoogleService-Info.plist in Resources */ = {isa = PBXBuildFile; fileRef = 2BE283CE2B4680A20095F88D /* GoogleService-Info.plist */; };
		2BE283DC2B4681040095F88D /* ContentViewModel.swift in Sources */ = {isa = PBXBuildFile; fileRef = 2BE283DB2B4681040095F88D /* ContentViewModel.swift */; };
		2BE283DE2B4681270095F88D /* UserService.swift in Sources */ = {isa = PBXBuildFile; fileRef = 2BE283DD2B4681270095F88D /* UserService.swift */; };
		2BE283E02B4681380095F88D /* ImageUploader.swift in Sources */ = {isa = PBXBuildFile; fileRef = 2BE283DF2B4681380095F88D /* ImageUploader.swift */; };
		2BE283E22B4681420095F88D /* PostService.swift in Sources */ = {isa = PBXBuildFile; fileRef = 2BE283E12B4681420095F88D /* PostService.swift */; };
		2BE283E82B4682140095F88D /* AuthService.swift in Sources */ = {isa = PBXBuildFile; fileRef = 2BE283E72B4682140095F88D /* AuthService.swift */; };
		2BE283EA2B4682350095F88D /* RegistrationViewModel.swift in Sources */ = {isa = PBXBuildFile; fileRef = 2BE283E92B4682350095F88D /* RegistrationViewModel.swift */; };
		2BE283EC2B46824D0095F88D /* LoginViewModel.swift in Sources */ = {isa = PBXBuildFile; fileRef = 2BE283EB2B46824D0095F88D /* LoginViewModel.swift */; };
		2BE283EE2B4682630095F88D /* LoginView.swift in Sources */ = {isa = PBXBuildFile; fileRef = 2BE283ED2B4682630095F88D /* LoginView.swift */; };
		2BE283F02B4682850095F88D /* AddEmailView.swift in Sources */ = {isa = PBXBuildFile; fileRef = 2BE283EF2B4682850095F88D /* AddEmailView.swift */; };
		2BE283F22B4682A30095F88D /* CreateUserNameView.swift in Sources */ = {isa = PBXBuildFile; fileRef = 2BE283F12B4682A30095F88D /* CreateUserNameView.swift */; };
		2BE283F42B4682B60095F88D /* CreatePasswordView.swift in Sources */ = {isa = PBXBuildFile; fileRef = 2BE283F32B4682B60095F88D /* CreatePasswordView.swift */; };
		2BE283F62B4682CC0095F88D /* CompleateSigunUpView.swift in Sources */ = {isa = PBXBuildFile; fileRef = 2BE283F52B4682CC0095F88D /* CompleateSigunUpView.swift */; };
		2BE2846C2B4688430095F88D /* CurrentUserProfileView.swift in Sources */ = {isa = PBXBuildFile; fileRef = 2BE2846B2B4688430095F88D /* CurrentUserProfileView.swift */; };
		2BE2846E2B4688800095F88D /* EditProfileViewModel.swift in Sources */ = {isa = PBXBuildFile; fileRef = 2BE2846D2B4688800095F88D /* EditProfileViewModel.swift */; };
		2BEE36282B624CD40090CDD4 /* MainTabViewModel.swift in Sources */ = {isa = PBXBuildFile; fileRef = 2BEE36272B624CD40090CDD4 /* MainTabViewModel.swift */; };
		2BEE362A2B62530B0090CDD4 /* ItemSearchTextView.swift in Sources */ = {isa = PBXBuildFile; fileRef = 2BEE36292B62530B0090CDD4 /* ItemSearchTextView.swift */; };
		2BEE362C2B62540F0090CDD4 /* ResultTextListView.swift in Sources */ = {isa = PBXBuildFile; fileRef = 2BEE362B2B62540F0090CDD4 /* ResultTextListView.swift */; };
/* End PBXBuildFile section */

/* Begin PBXFileReference section */
		2B4D30922B590EA400CF0461 /* FavoriteGridView.swift */ = {isa = PBXFileReference; lastKnownFileType = sourcecode.swift; path = FavoriteGridView.swift; sourceTree = "<group>"; };
		2B4D30942B590EC100CF0461 /* FavoriteGridViewModel.swift */ = {isa = PBXFileReference; lastKnownFileType = sourcecode.swift; path = FavoriteGridViewModel.swift; sourceTree = "<group>"; };
		2B4D30962B591BAF00CF0461 /* ProfileHeaderViewModel.swift */ = {isa = PBXFileReference; lastKnownFileType = sourcecode.swift; path = ProfileHeaderViewModel.swift; sourceTree = "<group>"; };
		2B4D30992B59307E00CF0461 /* ProfileAuthService.swift */ = {isa = PBXFileReference; lastKnownFileType = sourcecode.swift; path = ProfileAuthService.swift; sourceTree = "<group>"; };
		2B4D78A12B5CE7FF00FFC513 /* ProfileViewModel.swift */ = {isa = PBXFileReference; lastKnownFileType = sourcecode.swift; path = ProfileViewModel.swift; sourceTree = "<group>"; };
		2B6C62302AB18A1400B2D8D1 /* MyCooking.app */ = {isa = PBXFileReference; explicitFileType = wrapper.application; includeInIndex = 0; path = MyCooking.app; sourceTree = BUILT_PRODUCTS_DIR; };
		2B6C62332AB18A1400B2D8D1 /* MyCookingApp.swift */ = {isa = PBXFileReference; lastKnownFileType = sourcecode.swift; path = MyCookingApp.swift; sourceTree = "<group>"; };
		2B6C62352AB18A1400B2D8D1 /* ContentView.swift */ = {isa = PBXFileReference; lastKnownFileType = sourcecode.swift; path = ContentView.swift; sourceTree = "<group>"; };
		2B6C62372AB18A1500B2D8D1 /* Assets.xcassets */ = {isa = PBXFileReference; lastKnownFileType = folder.assetcatalog; path = Assets.xcassets; sourceTree = "<group>"; };
		2B6C623A2AB18A1500B2D8D1 /* Preview Assets.xcassets */ = {isa = PBXFileReference; lastKnownFileType = folder.assetcatalog; path = "Preview Assets.xcassets"; sourceTree = "<group>"; };
		2B6EF5AA2B47E93F00169FEF /* SearchViewModel.swift */ = {isa = PBXFileReference; lastKnownFileType = sourcecode.swift; path = SearchViewModel.swift; sourceTree = "<group>"; };
		2B740EF12B48F73600735A36 /* showRecipeView.swift */ = {isa = PBXFileReference; lastKnownFileType = sourcecode.swift; path = showRecipeView.swift; sourceTree = "<group>"; };
		2B740EF32B48FBEF00735A36 /* ShowRecipeViewModel.swift */ = {isa = PBXFileReference; lastKnownFileType = sourcecode.swift; path = ShowRecipeViewModel.swift; sourceTree = "<group>"; };
		2B740EF52B4BC1CC00735A36 /* ItemHeaderView.swift */ = {isa = PBXFileReference; lastKnownFileType = sourcecode.swift; path = ItemHeaderView.swift; sourceTree = "<group>"; };
		2B740EF72B4BCC0E00735A36 /* ItemScrollView.swift */ = {isa = PBXFileReference; lastKnownFileType = sourcecode.swift; path = ItemScrollView.swift; sourceTree = "<group>"; };
		2B740EF92B4BCF1500735A36 /* ItemSearchView.swift */ = {isa = PBXFileReference; lastKnownFileType = sourcecode.swift; path = ItemSearchView.swift; sourceTree = "<group>"; };
		2B740F012B4D1F7A00735A36 /* StackCardView.swift */ = {isa = PBXFileReference; lastKnownFileType = sourcecode.swift; path = StackCardView.swift; sourceTree = "<group>"; };
		2B740F032B4D432700735A36 /* HomeFavoriteView.swift */ = {isa = PBXFileReference; lastKnownFileType = sourcecode.swift; path = HomeFavoriteView.swift; sourceTree = "<group>"; };
		2B740F0A2B4EA09B00735A36 /* ResultListView.swift */ = {isa = PBXFileReference; lastKnownFileType = sourcecode.swift; path = ResultListView.swift; sourceTree = "<group>"; };
		2B740F0C2B4EA0A600735A36 /* ResultCellView.swift */ = {isa = PBXFileReference; lastKnownFileType = sourcecode.swift; path = ResultCellView.swift; sourceTree = "<group>"; };
		2B947B832B5CC770005AE745 /* UploadHashView.swift */ = {isa = PBXFileReference; lastKnownFileType = sourcecode.swift; path = UploadHashView.swift; sourceTree = "<group>"; };
		2BD33B972B5620E9004FD3E6 /* HomeSelectedCategoryView.swift */ = {isa = PBXFileReference; lastKnownFileType = sourcecode.swift; path = HomeSelectedCategoryView.swift; sourceTree = "<group>"; };
		2BD33B992B562569004FD3E6 /* Category.swift */ = {isa = PBXFileReference; lastKnownFileType = sourcecode.swift; path = Category.swift; sourceTree = "<group>"; };
		2BD3D47E2B47D82900D19DBB /* UploadViewModel.swift */ = {isa = PBXFileReference; lastKnownFileType = sourcecode.swift; path = UploadViewModel.swift; sourceTree = "<group>"; };
		2BE283A42B4676680095F88D /* User.swift */ = {isa = PBXFileReference; lastKnownFileType = sourcecode.swift; path = User.swift; sourceTree = "<group>"; };
		2BE283A62B4676A00095F88D /* Profile.swift */ = {isa = PBXFileReference; lastKnownFileType = sourcecode.swift; path = Profile.swift; sourceTree = "<group>"; };
		2BE283A82B4676CC0095F88D /* ProfileHeaderView.swift */ = {isa = PBXFileReference; lastKnownFileType = sourcecode.swift; path = ProfileHeaderView.swift; sourceTree = "<group>"; };
		2BE283AA2B4677280095F88D /* PostGridView.swift */ = {isa = PBXFileReference; lastKnownFileType = sourcecode.swift; path = PostGridView.swift; sourceTree = "<group>"; };
		2BE283B02B4677840095F88D /* MainTabView.swift */ = {isa = PBXFileReference; lastKnownFileType = sourcecode.swift; path = MainTabView.swift; sourceTree = "<group>"; };
		2BE283B22B4677B20095F88D /* ItemView.swift */ = {isa = PBXFileReference; lastKnownFileType = sourcecode.swift; path = ItemView.swift; sourceTree = "<group>"; };
		2BE283B42B4677C20095F88D /* TicktokView.swift */ = {isa = PBXFileReference; lastKnownFileType = sourcecode.swift; path = TicktokView.swift; sourceTree = "<group>"; };
		2BE283B62B4677CD0095F88D /* HomeView.swift */ = {isa = PBXFileReference; lastKnownFileType = sourcecode.swift; path = HomeView.swift; sourceTree = "<group>"; };
		2BE283B82B4677DA0095F88D /* UploadView.swift */ = {isa = PBXFileReference; lastKnownFileType = sourcecode.swift; path = UploadView.swift; sourceTree = "<group>"; };
		2BE283BE2B4679340095F88D /* CircularProfileImageView.swift */ = {isa = PBXFileReference; lastKnownFileType = sourcecode.swift; path = CircularProfileImageView.swift; sourceTree = "<group>"; };
		2BE283C02B4679460095F88D /* IGTextFieldModifire.swift */ = {isa = PBXFileReference; lastKnownFileType = sourcecode.swift; path = IGTextFieldModifire.swift; sourceTree = "<group>"; };
		2BE283C22B4679590095F88D /* UserStatView.swift */ = {isa = PBXFileReference; lastKnownFileType = sourcecode.swift; path = UserStatView.swift; sourceTree = "<group>"; };
		2BE283C82B4679D60095F88D /* PostGridViewModel.swift */ = {isa = PBXFileReference; lastKnownFileType = sourcecode.swift; path = PostGridViewModel.swift; sourceTree = "<group>"; };
		2BE283CA2B4679F70095F88D /* Post.swift */ = {isa = PBXFileReference; lastKnownFileType = sourcecode.swift; path = Post.swift; sourceTree = "<group>"; };
		2BE283CC2B467AB10095F88D /* EditProfileView.swift */ = {isa = PBXFileReference; lastKnownFileType = sourcecode.swift; path = EditProfileView.swift; sourceTree = "<group>"; };
		2BE283CE2B4680A20095F88D /* GoogleService-Info.plist */ = {isa = PBXFileReference; fileEncoding = 4; lastKnownFileType = text.plist.xml; name = "GoogleService-Info.plist"; path = "../../../../Downloads/GoogleService-Info.plist"; sourceTree = "<group>"; };
		2BE283DB2B4681040095F88D /* ContentViewModel.swift */ = {isa = PBXFileReference; lastKnownFileType = sourcecode.swift; path = ContentViewModel.swift; sourceTree = "<group>"; };
		2BE283DD2B4681270095F88D /* UserService.swift */ = {isa = PBXFileReference; lastKnownFileType = sourcecode.swift; path = UserService.swift; sourceTree = "<group>"; };
		2BE283DF2B4681380095F88D /* ImageUploader.swift */ = {isa = PBXFileReference; lastKnownFileType = sourcecode.swift; path = ImageUploader.swift; sourceTree = "<group>"; };
		2BE283E12B4681420095F88D /* PostService.swift */ = {isa = PBXFileReference; lastKnownFileType = sourcecode.swift; path = PostService.swift; sourceTree = "<group>"; };
		2BE283E72B4682140095F88D /* AuthService.swift */ = {isa = PBXFileReference; lastKnownFileType = sourcecode.swift; path = AuthService.swift; sourceTree = "<group>"; };
		2BE283E92B4682350095F88D /* RegistrationViewModel.swift */ = {isa = PBXFileReference; lastKnownFileType = sourcecode.swift; path = RegistrationViewModel.swift; sourceTree = "<group>"; };
		2BE283EB2B46824D0095F88D /* LoginViewModel.swift */ = {isa = PBXFileReference; lastKnownFileType = sourcecode.swift; path = LoginViewModel.swift; sourceTree = "<group>"; };
		2BE283ED2B4682630095F88D /* LoginView.swift */ = {isa = PBXFileReference; lastKnownFileType = sourcecode.swift; path = LoginView.swift; sourceTree = "<group>"; };
		2BE283EF2B4682850095F88D /* AddEmailView.swift */ = {isa = PBXFileReference; lastKnownFileType = sourcecode.swift; path = AddEmailView.swift; sourceTree = "<group>"; };
		2BE283F12B4682A30095F88D /* CreateUserNameView.swift */ = {isa = PBXFileReference; lastKnownFileType = sourcecode.swift; path = CreateUserNameView.swift; sourceTree = "<group>"; };
		2BE283F32B4682B60095F88D /* CreatePasswordView.swift */ = {isa = PBXFileReference; lastKnownFileType = sourcecode.swift; path = CreatePasswordView.swift; sourceTree = "<group>"; };
		2BE283F52B4682CC0095F88D /* CompleateSigunUpView.swift */ = {isa = PBXFileReference; lastKnownFileType = sourcecode.swift; path = CompleateSigunUpView.swift; sourceTree = "<group>"; };
		2BE2846B2B4688430095F88D /* CurrentUserProfileView.swift */ = {isa = PBXFileReference; lastKnownFileType = sourcecode.swift; path = CurrentUserProfileView.swift; sourceTree = "<group>"; };
		2BE2846D2B4688800095F88D /* EditProfileViewModel.swift */ = {isa = PBXFileReference; lastKnownFileType = sourcecode.swift; path = EditProfileViewModel.swift; sourceTree = "<group>"; };
		2BEE36272B624CD40090CDD4 /* MainTabViewModel.swift */ = {isa = PBXFileReference; lastKnownFileType = sourcecode.swift; path = MainTabViewModel.swift; sourceTree = "<group>"; };
		2BEE36292B62530B0090CDD4 /* ItemSearchTextView.swift */ = {isa = PBXFileReference; lastKnownFileType = sourcecode.swift; path = ItemSearchTextView.swift; sourceTree = "<group>"; };
		2BEE362B2B62540F0090CDD4 /* ResultTextListView.swift */ = {isa = PBXFileReference; lastKnownFileType = sourcecode.swift; path = ResultTextListView.swift; sourceTree = "<group>"; };
/* End PBXFileReference section */

/* Begin PBXFrameworksBuildPhase section */
		2B6C622D2AB18A1400B2D8D1 /* Frameworks */ = {
			isa = PBXFrameworksBuildPhase;
			buildActionMask = 2147483647;
			files = (
				2B740F2E2B4FC77F00735A36 /* FirebaseFunctions in Frameworks */,
				2B740F242B4FC77F00735A36 /* FirebaseDatabaseSwift in Frameworks */,
				2B740F342B4FC77F00735A36 /* FirebaseInAppMessagingSwift-Beta in Frameworks */,
				2B740F3A2B4FC77F00735A36 /* FirebaseMessaging in Frameworks */,
				2B740F1A2B4FC77F00735A36 /* FirebaseAppDistribution-Beta in Frameworks */,
				2B740F1E2B4FC77F00735A36 /* FirebaseAuthCombine-Community in Frameworks */,
				2B740F2A2B4FC77F00735A36 /* FirebaseFirestoreCombine-Community in Frameworks */,
				2B740F142B4FC77F00735A36 /* FirebaseAnalyticsSwift in Frameworks */,
				2B740F382B4FC77F00735A36 /* FirebaseMLModelDownloader in Frameworks */,
				2B740F162B4FC77F00735A36 /* FirebaseAnalyticsWithoutAdIdSupport in Frameworks */,
				2B740F102B4FC77F00735A36 /* FirebaseAnalytics in Frameworks */,
				2B740F2C2B4FC77F00735A36 /* FirebaseFirestoreSwift in Frameworks */,
				2B740F122B4FC77F00735A36 /* FirebaseAnalyticsOnDeviceConversion in Frameworks */,
				2B740F182B4FC77F00735A36 /* FirebaseAppCheck in Frameworks */,
				2B740F3C2B4FC77F00735A36 /* FirebasePerformance in Frameworks */,
				2B740F322B4FC77F00735A36 /* FirebaseInAppMessaging-Beta in Frameworks */,
				2B740F302B4FC77F00735A36 /* FirebaseFunctionsCombine-Community in Frameworks */,
				2B740F202B4FC77F00735A36 /* FirebaseCrashlytics in Frameworks */,
				2B740F362B4FC77F00735A36 /* FirebaseInstallations in Frameworks */,
				2B740F3E2B4FC77F00735A36 /* FirebaseRemoteConfig in Frameworks */,
				2B740F422B4FC77F00735A36 /* FirebaseStorage in Frameworks */,
				2B740F222B4FC77F00735A36 /* FirebaseDatabase in Frameworks */,
				2B740F442B4FC77F00735A36 /* FirebaseStorageCombine-Community in Frameworks */,
				2BE283BD2B46790E0095F88D /* Kingfisher in Frameworks */,
				2B740F1C2B4FC77F00735A36 /* FirebaseAuth in Frameworks */,
				2B740F262B4FC77F00735A36 /* FirebaseDynamicLinks in Frameworks */,
				2B740F282B4FC77F00735A36 /* FirebaseFirestore in Frameworks */,
				2B740F402B4FC77F00735A36 /* FirebaseRemoteConfigSwift in Frameworks */,
			);
			runOnlyForDeploymentPostprocessing = 0;
		};
/* End PBXFrameworksBuildPhase section */

/* Begin PBXGroup section */
		2B4D30982B59304800CF0461 /* Service */ = {
			isa = PBXGroup;
			children = (
				2B4D30992B59307E00CF0461 /* ProfileAuthService.swift */,
			);
			path = Service;
			sourceTree = "<group>";
		};
		2B6C62272AB18A1400B2D8D1 = {
			isa = PBXGroup;
			children = (
				2B6C62322AB18A1400B2D8D1 /* MyCooking */,
				2B6C62312AB18A1400B2D8D1 /* Products */,
				2BE283F72B4684A00095F88D /* Frameworks */,
			);
			sourceTree = "<group>";
		};
		2B6C62312AB18A1400B2D8D1 /* Products */ = {
			isa = PBXGroup;
			children = (
				2B6C62302AB18A1400B2D8D1 /* MyCooking.app */,
			);
			name = Products;
			sourceTree = "<group>";
		};
		2B6C62322AB18A1400B2D8D1 /* MyCooking */ = {
			isa = PBXGroup;
			children = (
				2BE283912B4674EA0095F88D /* App */,
				2BE283922B4675230095F88D /* Core */,
				2BE283932B4675330095F88D /* Service */,
				2BE283902B4674E10095F88D /* Model */,
				2B6C62372AB18A1500B2D8D1 /* Assets.xcassets */,
				2BE283CE2B4680A20095F88D /* GoogleService-Info.plist */,
				2B6C62392AB18A1500B2D8D1 /* Preview Content */,
			);
			path = MyCooking;
			sourceTree = "<group>";
		};
		2B6C62392AB18A1500B2D8D1 /* Preview Content */ = {
			isa = PBXGroup;
			children = (
				2B6C623A2AB18A1500B2D8D1 /* Preview Assets.xcassets */,
			);
			path = "Preview Content";
			sourceTree = "<group>";
		};
		2B740EEE2B48F71400735A36 /* Recipe */ = {
			isa = PBXGroup;
			children = (
				2B740EF02B48F72400735A36 /* View */,
				2B740EEF2B48F71C00735A36 /* ViewModel */,
			);
			path = Recipe;
			sourceTree = "<group>";
		};
		2B740EEF2B48F71C00735A36 /* ViewModel */ = {
			isa = PBXGroup;
			children = (
				2B740EF32B48FBEF00735A36 /* ShowRecipeViewModel.swift */,
			);
			path = ViewModel;
			sourceTree = "<group>";
		};
		2B740EF02B48F72400735A36 /* View */ = {
			isa = PBXGroup;
			children = (
				2B740EF12B48F73600735A36 /* showRecipeView.swift */,
			);
			path = View;
			sourceTree = "<group>";
		};
		2B740F072B4EA06F00735A36 /* Result */ = {
			isa = PBXGroup;
			children = (
				2B740F092B4EA07F00735A36 /* View */,
				2B740F082B4EA07700735A36 /* ViewModel */,
			);
			path = Result;
			sourceTree = "<group>";
		};
		2B740F082B4EA07700735A36 /* ViewModel */ = {
			isa = PBXGroup;
			children = (
			);
			path = ViewModel;
			sourceTree = "<group>";
		};
		2B740F092B4EA07F00735A36 /* View */ = {
			isa = PBXGroup;
			children = (
				2B740F0A2B4EA09B00735A36 /* ResultListView.swift */,
				2B740F0C2B4EA0A600735A36 /* ResultCellView.swift */,
				2BEE362B2B62540F0090CDD4 /* ResultTextListView.swift */,
			);
			path = View;
			sourceTree = "<group>";
		};
		2BE283902B4674E10095F88D /* Model */ = {
			isa = PBXGroup;
			children = (
				2BE283A42B4676680095F88D /* User.swift */,
				2BE283CA2B4679F70095F88D /* Post.swift */,
				2BD33B992B562569004FD3E6 /* Category.swift */,
			);
			path = Model;
			sourceTree = "<group>";
		};
		2BE283912B4674EA0095F88D /* App */ = {
			isa = PBXGroup;
			children = (
				2B6C62332AB18A1400B2D8D1 /* MyCookingApp.swift */,
			);
			path = App;
			sourceTree = "<group>";
		};
		2BE283922B4675230095F88D /* Core */ = {
			isa = PBXGroup;
			children = (
				2B740F072B4EA06F00735A36 /* Result */,
				2B740EEE2B48F71400735A36 /* Recipe */,
				2BE283BA2B4678D40095F88D /* Compornents */,
				2BE283E32B4681D50095F88D /* Authentication */,
				2BE283AC2B46772F0095F88D /* Root */,
				2BE283AF2B46774A0095F88D /* Tab */,
				2BE283982B4675D30095F88D /* Item */,
				2BE283972B4675CA0095F88D /* Ticktok */,
				2BE283962B4675C40095F88D /* Home */,
				2BE283952B4675730095F88D /* Upload */,
				2BE283942B4675490095F88D /* Mypage */,
			);
			path = Core;
			sourceTree = "<group>";
		};
		2BE283932B4675330095F88D /* Service */ = {
			isa = PBXGroup;
			children = (
				2BE283DD2B4681270095F88D /* UserService.swift */,
				2BE283DF2B4681380095F88D /* ImageUploader.swift */,
				2BE283E12B4681420095F88D /* PostService.swift */,
			);
			path = Service;
			sourceTree = "<group>";
		};
		2BE283942B4675490095F88D /* Mypage */ = {
			isa = PBXGroup;
			children = (
				2B4D30982B59304800CF0461 /* Service */,
				2BE283A32B46763A0095F88D /* View */,
				2BE283A22B4676320095F88D /* ViewModel */,
			);
			path = Mypage;
			sourceTree = "<group>";
		};
		2BE283952B4675730095F88D /* Upload */ = {
			isa = PBXGroup;
			children = (
				2BE283A12B46762C0095F88D /* View */,
				2BE283A02B4676260095F88D /* ViewModel */,
			);
			path = Upload;
			sourceTree = "<group>";
		};
		2BE283962B4675C40095F88D /* Home */ = {
			isa = PBXGroup;
			children = (
				2BE2839F2B46761A0095F88D /* View */,
				2BE2839E2B4676060095F88D /* ViewModel */,
			);
			path = Home;
			sourceTree = "<group>";
		};
		2BE283972B4675CA0095F88D /* Ticktok */ = {
			isa = PBXGroup;
			children = (
				2BE2839D2B4675FC0095F88D /* View */,
				2BE2839C2B4675F50095F88D /* ViewModel */,
			);
			path = Ticktok;
			sourceTree = "<group>";
		};
		2BE283982B4675D30095F88D /* Item */ = {
			isa = PBXGroup;
			children = (
				2BE2839A2B4675E30095F88D /* View */,
				2BE283992B4675DC0095F88D /* ViewModel */,
			);
			path = Item;
			sourceTree = "<group>";
		};
		2BE283992B4675DC0095F88D /* ViewModel */ = {
			isa = PBXGroup;
			children = (
			);
			path = ViewModel;
			sourceTree = "<group>";
		};
		2BE2839A2B4675E30095F88D /* View */ = {
			isa = PBXGroup;
			children = (
				2BE283B22B4677B20095F88D /* ItemView.swift */,
				2B740EF52B4BC1CC00735A36 /* ItemHeaderView.swift */,
				2B740EF72B4BCC0E00735A36 /* ItemScrollView.swift */,
				2B740EF92B4BCF1500735A36 /* ItemSearchView.swift */,
				2BEE36292B62530B0090CDD4 /* ItemSearchTextView.swift */,
			);
			path = View;
			sourceTree = "<group>";
		};
		2BE2839C2B4675F50095F88D /* ViewModel */ = {
			isa = PBXGroup;
			children = (
				2B6EF5AA2B47E93F00169FEF /* SearchViewModel.swift */,
			);
			path = ViewModel;
			sourceTree = "<group>";
		};
		2BE2839D2B4675FC0095F88D /* View */ = {
			isa = PBXGroup;
			children = (
				2BE283B42B4677C20095F88D /* TicktokView.swift */,
			);
			path = View;
			sourceTree = "<group>";
		};
		2BE2839E2B4676060095F88D /* ViewModel */ = {
			isa = PBXGroup;
			children = (
			);
			path = ViewModel;
			sourceTree = "<group>";
		};
		2BE2839F2B46761A0095F88D /* View */ = {
			isa = PBXGroup;
			children = (
				2BE283B62B4677CD0095F88D /* HomeView.swift */,
				2B740F012B4D1F7A00735A36 /* StackCardView.swift */,
				2B740F032B4D432700735A36 /* HomeFavoriteView.swift */,
				2BD33B972B5620E9004FD3E6 /* HomeSelectedCategoryView.swift */,
			);
			path = View;
			sourceTree = "<group>";
		};
		2BE283A02B4676260095F88D /* ViewModel */ = {
			isa = PBXGroup;
			children = (
				2BD3D47E2B47D82900D19DBB /* UploadViewModel.swift */,
			);
			path = ViewModel;
			sourceTree = "<group>";
		};
		2BE283A12B46762C0095F88D /* View */ = {
			isa = PBXGroup;
			children = (
				2BE283B82B4677DA0095F88D /* UploadView.swift */,
				2B947B832B5CC770005AE745 /* UploadHashView.swift */,
			);
			path = View;
			sourceTree = "<group>";
		};
		2BE283A22B4676320095F88D /* ViewModel */ = {
			isa = PBXGroup;
			children = (
				2BE2846D2B4688800095F88D /* EditProfileViewModel.swift */,
				2B4D30962B591BAF00CF0461 /* ProfileHeaderViewModel.swift */,
				2B4D78A12B5CE7FF00FFC513 /* ProfileViewModel.swift */,
			);
			path = ViewModel;
			sourceTree = "<group>";
		};
		2BE283A32B46763A0095F88D /* View */ = {
			isa = PBXGroup;
			children = (
				2BE283A62B4676A00095F88D /* Profile.swift */,
				2BE283A82B4676CC0095F88D /* ProfileHeaderView.swift */,
				2BE283CC2B467AB10095F88D /* EditProfileView.swift */,
				2BE2846B2B4688430095F88D /* CurrentUserProfileView.swift */,
			);
			path = View;
			sourceTree = "<group>";
		};
		2BE283AC2B46772F0095F88D /* Root */ = {
			isa = PBXGroup;
			children = (
				2BE283AE2B46773C0095F88D /* View */,
				2BE283AD2B4677360095F88D /* ViewModel */,
			);
			path = Root;
			sourceTree = "<group>";
		};
		2BE283AD2B4677360095F88D /* ViewModel */ = {
			isa = PBXGroup;
			children = (
				2BE283DB2B4681040095F88D /* ContentViewModel.swift */,
			);
			path = ViewModel;
			sourceTree = "<group>";
		};
		2BE283AE2B46773C0095F88D /* View */ = {
			isa = PBXGroup;
			children = (
				2B6C62352AB18A1400B2D8D1 /* ContentView.swift */,
			);
			path = View;
			sourceTree = "<group>";
		};
		2BE283AF2B46774A0095F88D /* Tab */ = {
			isa = PBXGroup;
			children = (
				2BEE36242B624A260090CDD4 /* View */,
				2BEE36232B624A1F0090CDD4 /* ViewModel */,
			);
			path = Tab;
			sourceTree = "<group>";
		};
		2BE283BA2B4678D40095F88D /* Compornents */ = {
			isa = PBXGroup;
			children = (
				2BE283C72B4679C30095F88D /* View */,
				2BE283C42B4679A50095F88D /* ViewModel */,
			);
			path = Compornents;
			sourceTree = "<group>";
		};
		2BE283C42B4679A50095F88D /* ViewModel */ = {
			isa = PBXGroup;
			children = (
				2BE283C82B4679D60095F88D /* PostGridViewModel.swift */,
				2B4D30942B590EC100CF0461 /* FavoriteGridViewModel.swift */,
			);
			path = ViewModel;
			sourceTree = "<group>";
		};
		2BE283C72B4679C30095F88D /* View */ = {
			isa = PBXGroup;
			children = (
				2BE283AA2B4677280095F88D /* PostGridView.swift */,
				2B4D30922B590EA400CF0461 /* FavoriteGridView.swift */,
				2BE283BE2B4679340095F88D /* CircularProfileImageView.swift */,
				2BE283C02B4679460095F88D /* IGTextFieldModifire.swift */,
				2BE283C22B4679590095F88D /* UserStatView.swift */,
			);
			path = View;
			sourceTree = "<group>";
		};
		2BE283E32B4681D50095F88D /* Authentication */ = {
			isa = PBXGroup;
			children = (
				2BE283E62B4681FD0095F88D /* Service */,
				2BE283E52B4681F70095F88D /* View */,
				2BE283E42B4681F10095F88D /* ViewModel */,
			);
			path = Authentication;
			sourceTree = "<group>";
		};
		2BE283E42B4681F10095F88D /* ViewModel */ = {
			isa = PBXGroup;
			children = (
				2BE283E92B4682350095F88D /* RegistrationViewModel.swift */,
				2BE283EB2B46824D0095F88D /* LoginViewModel.swift */,
			);
			path = ViewModel;
			sourceTree = "<group>";
		};
		2BE283E52B4681F70095F88D /* View */ = {
			isa = PBXGroup;
			children = (
				2BE283ED2B4682630095F88D /* LoginView.swift */,
				2BE283EF2B4682850095F88D /* AddEmailView.swift */,
				2BE283F12B4682A30095F88D /* CreateUserNameView.swift */,
				2BE283F32B4682B60095F88D /* CreatePasswordView.swift */,
				2BE283F52B4682CC0095F88D /* CompleateSigunUpView.swift */,
			);
			path = View;
			sourceTree = "<group>";
		};
		2BE283E62B4681FD0095F88D /* Service */ = {
			isa = PBXGroup;
			children = (
				2BE283E72B4682140095F88D /* AuthService.swift */,
			);
			path = Service;
			sourceTree = "<group>";
		};
		2BE283F72B4684A00095F88D /* Frameworks */ = {
			isa = PBXGroup;
			children = (
			);
			name = Frameworks;
			sourceTree = "<group>";
		};
		2BEE36232B624A1F0090CDD4 /* ViewModel */ = {
			isa = PBXGroup;
			children = (
				2BEE36272B624CD40090CDD4 /* MainTabViewModel.swift */,
			);
			path = ViewModel;
			sourceTree = "<group>";
		};
		2BEE36242B624A260090CDD4 /* View */ = {
			isa = PBXGroup;
			children = (
				2BE283B02B4677840095F88D /* MainTabView.swift */,
			);
			path = View;
			sourceTree = "<group>";
		};
/* End PBXGroup section */

/* Begin PBXNativeTarget section */
		2B6C622F2AB18A1400B2D8D1 /* MyCooking */ = {
			isa = PBXNativeTarget;
			buildConfigurationList = 2B6C623E2AB18A1500B2D8D1 /* Build configuration list for PBXNativeTarget "MyCooking" */;
			buildPhases = (
				2B6C622C2AB18A1400B2D8D1 /* Sources */,
				2B6C622D2AB18A1400B2D8D1 /* Frameworks */,
				2B6C622E2AB18A1400B2D8D1 /* Resources */,
			);
			buildRules = (
			);
			dependencies = (
			);
			name = MyCooking;
			packageProductDependencies = (
				2BE283BC2B46790E0095F88D /* Kingfisher */,
				2B740F0F2B4FC77F00735A36 /* FirebaseAnalytics */,
				2B740F112B4FC77F00735A36 /* FirebaseAnalyticsOnDeviceConversion */,
				2B740F132B4FC77F00735A36 /* FirebaseAnalyticsSwift */,
				2B740F152B4FC77F00735A36 /* FirebaseAnalyticsWithoutAdIdSupport */,
				2B740F172B4FC77F00735A36 /* FirebaseAppCheck */,
				2B740F192B4FC77F00735A36 /* FirebaseAppDistribution-Beta */,
				2B740F1B2B4FC77F00735A36 /* FirebaseAuth */,
				2B740F1D2B4FC77F00735A36 /* FirebaseAuthCombine-Community */,
				2B740F1F2B4FC77F00735A36 /* FirebaseCrashlytics */,
				2B740F212B4FC77F00735A36 /* FirebaseDatabase */,
				2B740F232B4FC77F00735A36 /* FirebaseDatabaseSwift */,
				2B740F252B4FC77F00735A36 /* FirebaseDynamicLinks */,
				2B740F272B4FC77F00735A36 /* FirebaseFirestore */,
				2B740F292B4FC77F00735A36 /* FirebaseFirestoreCombine-Community */,
				2B740F2B2B4FC77F00735A36 /* FirebaseFirestoreSwift */,
				2B740F2D2B4FC77F00735A36 /* FirebaseFunctions */,
				2B740F2F2B4FC77F00735A36 /* FirebaseFunctionsCombine-Community */,
				2B740F312B4FC77F00735A36 /* FirebaseInAppMessaging-Beta */,
				2B740F332B4FC77F00735A36 /* FirebaseInAppMessagingSwift-Beta */,
				2B740F352B4FC77F00735A36 /* FirebaseInstallations */,
				2B740F372B4FC77F00735A36 /* FirebaseMLModelDownloader */,
				2B740F392B4FC77F00735A36 /* FirebaseMessaging */,
				2B740F3B2B4FC77F00735A36 /* FirebasePerformance */,
				2B740F3D2B4FC77F00735A36 /* FirebaseRemoteConfig */,
				2B740F3F2B4FC77F00735A36 /* FirebaseRemoteConfigSwift */,
				2B740F412B4FC77F00735A36 /* FirebaseStorage */,
				2B740F432B4FC77F00735A36 /* FirebaseStorageCombine-Community */,
			);
			productName = MyCooking;
			productReference = 2B6C62302AB18A1400B2D8D1 /* MyCooking.app */;
			productType = "com.apple.product-type.application";
		};
/* End PBXNativeTarget section */

/* Begin PBXProject section */
		2B6C62282AB18A1400B2D8D1 /* Project object */ = {
			isa = PBXProject;
			attributes = {
				BuildIndependentTargetsInParallel = 1;
				LastSwiftUpdateCheck = 1430;
				LastUpgradeCheck = 1520;
				TargetAttributes = {
					2B6C622F2AB18A1400B2D8D1 = {
						CreatedOnToolsVersion = 14.3.1;
					};
				};
			};
			buildConfigurationList = 2B6C622B2AB18A1400B2D8D1 /* Build configuration list for PBXProject "MyCooking" */;
			compatibilityVersion = "Xcode 14.0";
			developmentRegion = en;
			hasScannedForEncodings = 0;
			knownRegions = (
				en,
				Base,
			);
			mainGroup = 2B6C62272AB18A1400B2D8D1;
			packageReferences = (
				2BE283BB2B46790E0095F88D /* XCRemoteSwiftPackageReference "Kingfisher" */,
				2B740F0E2B4FC77F00735A36 /* XCRemoteSwiftPackageReference "firebase-ios-sdk" */,
			);
			productRefGroup = 2B6C62312AB18A1400B2D8D1 /* Products */;
			projectDirPath = "";
			projectRoot = "";
			targets = (
				2B6C622F2AB18A1400B2D8D1 /* MyCooking */,
			);
		};
/* End PBXProject section */

/* Begin PBXResourcesBuildPhase section */
		2B6C622E2AB18A1400B2D8D1 /* Resources */ = {
			isa = PBXResourcesBuildPhase;
			buildActionMask = 2147483647;
			files = (
				2B6C623B2AB18A1500B2D8D1 /* Preview Assets.xcassets in Resources */,
				2B6C62382AB18A1500B2D8D1 /* Assets.xcassets in Resources */,
				2BE283CF2B4680A20095F88D /* GoogleService-Info.plist in Resources */,
			);
			runOnlyForDeploymentPostprocessing = 0;
		};
/* End PBXResourcesBuildPhase section */

/* Begin PBXSourcesBuildPhase section */
		2B6C622C2AB18A1400B2D8D1 /* Sources */ = {
			isa = PBXSourcesBuildPhase;
			buildActionMask = 2147483647;
			files = (
				2BE283EA2B4682350095F88D /* RegistrationViewModel.swift in Sources */,
				2BD3D47F2B47D82900D19DBB /* UploadViewModel.swift in Sources */,
				2BE2846E2B4688800095F88D /* EditProfileViewModel.swift in Sources */,
				2B6C62362AB18A1400B2D8D1 /* ContentView.swift in Sources */,
				2B740EFA2B4BCF1500735A36 /* ItemSearchView.swift in Sources */,
				2BE283BF2B4679340095F88D /* CircularProfileImageView.swift in Sources */,
				2BE283B92B4677DA0095F88D /* UploadView.swift in Sources */,
				2B740F0D2B4EA0A600735A36 /* ResultCellView.swift in Sources */,
				2BE283F22B4682A30095F88D /* CreateUserNameView.swift in Sources */,
				2BE283C32B4679590095F88D /* UserStatView.swift in Sources */,
				2B4D78A22B5CE7FF00FFC513 /* ProfileViewModel.swift in Sources */,
				2BE283A72B4676A00095F88D /* Profile.swift in Sources */,
				2B4D30932B590EA400CF0461 /* FavoriteGridView.swift in Sources */,
				2BE283DC2B4681040095F88D /* ContentViewModel.swift in Sources */,
				2BEE362C2B62540F0090CDD4 /* ResultTextListView.swift in Sources */,
				2B4D309A2B59307E00CF0461 /* ProfileAuthService.swift in Sources */,
				2BE283F02B4682850095F88D /* AddEmailView.swift in Sources */,
				2BE283AB2B4677280095F88D /* PostGridView.swift in Sources */,
				2BE283B72B4677CD0095F88D /* HomeView.swift in Sources */,
				2BEE36282B624CD40090CDD4 /* MainTabViewModel.swift in Sources */,
				2BE283B32B4677B20095F88D /* ItemView.swift in Sources */,
				2B740F022B4D1F7A00735A36 /* StackCardView.swift in Sources */,
				2BE283A92B4676CC0095F88D /* ProfileHeaderView.swift in Sources */,
				2BE283B12B4677840095F88D /* MainTabView.swift in Sources */,
				2BE2846C2B4688430095F88D /* CurrentUserProfileView.swift in Sources */,
				2BE283CD2B467AB10095F88D /* EditProfileView.swift in Sources */,
				2BE283EE2B4682630095F88D /* LoginView.swift in Sources */,
				2B740F0B2B4EA09B00735A36 /* ResultListView.swift in Sources */,
				2BE283C92B4679D60095F88D /* PostGridViewModel.swift in Sources */,
				2BEE362A2B62530B0090CDD4 /* ItemSearchTextView.swift in Sources */,
				2B6EF5AB2B47E93F00169FEF /* SearchViewModel.swift in Sources */,
				2B740EF22B48F73600735A36 /* showRecipeView.swift in Sources */,
				2BD33B982B5620E9004FD3E6 /* HomeSelectedCategoryView.swift in Sources */,
				2B740EF42B48FBEF00735A36 /* ShowRecipeViewModel.swift in Sources */,
				2BE283DE2B4681270095F88D /* UserService.swift in Sources */,
				2BE283EC2B46824D0095F88D /* LoginViewModel.swift in Sources */,
				2BE283CB2B4679F70095F88D /* Post.swift in Sources */,
				2B740EF62B4BC1CC00735A36 /* ItemHeaderView.swift in Sources */,
				2BE283B52B4677C20095F88D /* TicktokView.swift in Sources */,
				2BE283E22B4681420095F88D /* PostService.swift in Sources */,
				2BE283F62B4682CC0095F88D /* CompleateSigunUpView.swift in Sources */,
				2BE283E82B4682140095F88D /* AuthService.swift in Sources */,
				2BD33B9A2B562569004FD3E6 /* Category.swift in Sources */,
				2B6C62342AB18A1400B2D8D1 /* MyCookingApp.swift in Sources */,
				2B4D30952B590EC100CF0461 /* FavoriteGridViewModel.swift in Sources */,
				2BE283E02B4681380095F88D /* ImageUploader.swift in Sources */,
				2B947B842B5CC770005AE745 /* UploadHashView.swift in Sources */,
				2B4D30972B591BAF00CF0461 /* ProfileHeaderViewModel.swift in Sources */,
				2B740EF82B4BCC0E00735A36 /* ItemScrollView.swift in Sources */,
				2BE283A52B4676680095F88D /* User.swift in Sources */,
				2BE283C12B4679460095F88D /* IGTextFieldModifire.swift in Sources */,
				2B740F042B4D432700735A36 /* HomeFavoriteView.swift in Sources */,
				2BE283F42B4682B60095F88D /* CreatePasswordView.swift in Sources */,
			);
			runOnlyForDeploymentPostprocessing = 0;
		};
/* End PBXSourcesBuildPhase section */

/* Begin XCBuildConfiguration section */
		2B6C623C2AB18A1500B2D8D1 /* Debug */ = {
			isa = XCBuildConfiguration;
			buildSettings = {
				ALWAYS_SEARCH_USER_PATHS = NO;
				CLANG_ANALYZER_NONNULL = YES;
				CLANG_ANALYZER_NUMBER_OBJECT_CONVERSION = YES_AGGRESSIVE;
				CLANG_CXX_LANGUAGE_STANDARD = "gnu++20";
				CLANG_ENABLE_MODULES = YES;
				CLANG_ENABLE_OBJC_ARC = YES;
				CLANG_ENABLE_OBJC_WEAK = YES;
				CLANG_WARN_BLOCK_CAPTURE_AUTORELEASING = YES;
				CLANG_WARN_BOOL_CONVERSION = YES;
				CLANG_WARN_COMMA = YES;
				CLANG_WARN_CONSTANT_CONVERSION = YES;
				CLANG_WARN_DEPRECATED_OBJC_IMPLEMENTATIONS = YES;
				CLANG_WARN_DIRECT_OBJC_ISA_USAGE = YES_ERROR;
				CLANG_WARN_DOCUMENTATION_COMMENTS = YES;
				CLANG_WARN_EMPTY_BODY = YES;
				CLANG_WARN_ENUM_CONVERSION = YES;
				CLANG_WARN_INFINITE_RECURSION = YES;
				CLANG_WARN_INT_CONVERSION = YES;
				CLANG_WARN_NON_LITERAL_NULL_CONVERSION = YES;
				CLANG_WARN_OBJC_IMPLICIT_RETAIN_SELF = YES;
				CLANG_WARN_OBJC_LITERAL_CONVERSION = YES;
				CLANG_WARN_OBJC_ROOT_CLASS = YES_ERROR;
				CLANG_WARN_QUOTED_INCLUDE_IN_FRAMEWORK_HEADER = YES;
				CLANG_WARN_RANGE_LOOP_ANALYSIS = YES;
				CLANG_WARN_STRICT_PROTOTYPES = YES;
				CLANG_WARN_SUSPICIOUS_MOVE = YES;
				CLANG_WARN_UNGUARDED_AVAILABILITY = YES_AGGRESSIVE;
				CLANG_WARN_UNREACHABLE_CODE = YES;
				CLANG_WARN__DUPLICATE_METHOD_MATCH = YES;
				COPY_PHASE_STRIP = NO;
				DEBUG_INFORMATION_FORMAT = dwarf;
				ENABLE_STRICT_OBJC_MSGSEND = YES;
				ENABLE_TESTABILITY = YES;
				ENABLE_USER_SCRIPT_SANDBOXING = YES;
				GCC_C_LANGUAGE_STANDARD = gnu11;
				GCC_DYNAMIC_NO_PIC = NO;
				GCC_NO_COMMON_BLOCKS = YES;
				GCC_OPTIMIZATION_LEVEL = 0;
				GCC_PREPROCESSOR_DEFINITIONS = (
					"DEBUG=1",
					"$(inherited)",
				);
				GCC_WARN_64_TO_32_BIT_CONVERSION = YES;
				GCC_WARN_ABOUT_RETURN_TYPE = YES_ERROR;
				GCC_WARN_UNDECLARED_SELECTOR = YES;
				GCC_WARN_UNINITIALIZED_AUTOS = YES_AGGRESSIVE;
				GCC_WARN_UNUSED_FUNCTION = YES;
				GCC_WARN_UNUSED_VARIABLE = YES;
				IPHONEOS_DEPLOYMENT_TARGET = 16.4;
				MTL_ENABLE_DEBUG_INFO = INCLUDE_SOURCE;
				MTL_FAST_MATH = YES;
				ONLY_ACTIVE_ARCH = YES;
				SDKROOT = iphoneos;
				SWIFT_ACTIVE_COMPILATION_CONDITIONS = DEBUG;
				SWIFT_OPTIMIZATION_LEVEL = "-Onone";
			};
			name = Debug;
		};
		2B6C623D2AB18A1500B2D8D1 /* Release */ = {
			isa = XCBuildConfiguration;
			buildSettings = {
				ALWAYS_SEARCH_USER_PATHS = NO;
				CLANG_ANALYZER_NONNULL = YES;
				CLANG_ANALYZER_NUMBER_OBJECT_CONVERSION = YES_AGGRESSIVE;
				CLANG_CXX_LANGUAGE_STANDARD = "gnu++20";
				CLANG_ENABLE_MODULES = YES;
				CLANG_ENABLE_OBJC_ARC = YES;
				CLANG_ENABLE_OBJC_WEAK = YES;
				CLANG_WARN_BLOCK_CAPTURE_AUTORELEASING = YES;
				CLANG_WARN_BOOL_CONVERSION = YES;
				CLANG_WARN_COMMA = YES;
				CLANG_WARN_CONSTANT_CONVERSION = YES;
				CLANG_WARN_DEPRECATED_OBJC_IMPLEMENTATIONS = YES;
				CLANG_WARN_DIRECT_OBJC_ISA_USAGE = YES_ERROR;
				CLANG_WARN_DOCUMENTATION_COMMENTS = YES;
				CLANG_WARN_EMPTY_BODY = YES;
				CLANG_WARN_ENUM_CONVERSION = YES;
				CLANG_WARN_INFINITE_RECURSION = YES;
				CLANG_WARN_INT_CONVERSION = YES;
				CLANG_WARN_NON_LITERAL_NULL_CONVERSION = YES;
				CLANG_WARN_OBJC_IMPLICIT_RETAIN_SELF = YES;
				CLANG_WARN_OBJC_LITERAL_CONVERSION = YES;
				CLANG_WARN_OBJC_ROOT_CLASS = YES_ERROR;
				CLANG_WARN_QUOTED_INCLUDE_IN_FRAMEWORK_HEADER = YES;
				CLANG_WARN_RANGE_LOOP_ANALYSIS = YES;
				CLANG_WARN_STRICT_PROTOTYPES = YES;
				CLANG_WARN_SUSPICIOUS_MOVE = YES;
				CLANG_WARN_UNGUARDED_AVAILABILITY = YES_AGGRESSIVE;
				CLANG_WARN_UNREACHABLE_CODE = YES;
				CLANG_WARN__DUPLICATE_METHOD_MATCH = YES;
				COPY_PHASE_STRIP = NO;
				DEBUG_INFORMATION_FORMAT = "dwarf-with-dsym";
				ENABLE_NS_ASSERTIONS = NO;
				ENABLE_STRICT_OBJC_MSGSEND = YES;
				ENABLE_USER_SCRIPT_SANDBOXING = YES;
				GCC_C_LANGUAGE_STANDARD = gnu11;
				GCC_NO_COMMON_BLOCKS = YES;
				GCC_WARN_64_TO_32_BIT_CONVERSION = YES;
				GCC_WARN_ABOUT_RETURN_TYPE = YES_ERROR;
				GCC_WARN_UNDECLARED_SELECTOR = YES;
				GCC_WARN_UNINITIALIZED_AUTOS = YES_AGGRESSIVE;
				GCC_WARN_UNUSED_FUNCTION = YES;
				GCC_WARN_UNUSED_VARIABLE = YES;
				IPHONEOS_DEPLOYMENT_TARGET = 16.4;
				MTL_ENABLE_DEBUG_INFO = NO;
				MTL_FAST_MATH = YES;
				SDKROOT = iphoneos;
				SWIFT_COMPILATION_MODE = wholemodule;
				SWIFT_OPTIMIZATION_LEVEL = "-O";
				VALIDATE_PRODUCT = YES;
			};
			name = Release;
		};
		2B6C623F2AB18A1500B2D8D1 /* Debug */ = {
			isa = XCBuildConfiguration;
			buildSettings = {
				ASSETCATALOG_COMPILER_APPICON_NAME = AppIcon;
				ASSETCATALOG_COMPILER_GLOBAL_ACCENT_COLOR_NAME = AccentColor;
				CODE_SIGN_STYLE = Automatic;
				CURRENT_PROJECT_VERSION = 1;
				DEVELOPMENT_ASSET_PATHS = "\"MyCooking/Preview Content\"";
				DEVELOPMENT_TEAM = RV5N7FAFCJ;
				ENABLE_PREVIEWS = YES;
				GENERATE_INFOPLIST_FILE = YES;
				INFOPLIST_KEY_UIApplicationSceneManifest_Generation = YES;
				INFOPLIST_KEY_UIApplicationSupportsIndirectInputEvents = YES;
				INFOPLIST_KEY_UILaunchScreen_Generation = YES;
				INFOPLIST_KEY_UISupportedInterfaceOrientations_iPad = "UIInterfaceOrientationPortrait UIInterfaceOrientationPortraitUpsideDown UIInterfaceOrientationLandscapeLeft UIInterfaceOrientationLandscapeRight";
				INFOPLIST_KEY_UISupportedInterfaceOrientations_iPhone = "UIInterfaceOrientationPortrait UIInterfaceOrientationLandscapeLeft UIInterfaceOrientationLandscapeRight";
				LD_RUNPATH_SEARCH_PATHS = (
					"$(inherited)",
					"@executable_path/Frameworks",
				);
				MARKETING_VERSION = 1.0;
				PRODUCT_BUNDLE_IDENTIFIER = jp.icloud.n.1128.ryuto.MyCooking;
				PRODUCT_NAME = "$(TARGET_NAME)";
				SWIFT_EMIT_LOC_STRINGS = YES;
				SWIFT_VERSION = 5.0;
				TARGETED_DEVICE_FAMILY = "1,2";
			};
			name = Debug;
		};
		2B6C62402AB18A1500B2D8D1 /* Release */ = {
			isa = XCBuildConfiguration;
			buildSettings = {
				ASSETCATALOG_COMPILER_APPICON_NAME = AppIcon;
				ASSETCATALOG_COMPILER_GLOBAL_ACCENT_COLOR_NAME = AccentColor;
				CODE_SIGN_STYLE = Automatic;
				CURRENT_PROJECT_VERSION = 1;
				DEVELOPMENT_ASSET_PATHS = "\"MyCooking/Preview Content\"";
				DEVELOPMENT_TEAM = RV5N7FAFCJ;
				ENABLE_PREVIEWS = YES;
				GENERATE_INFOPLIST_FILE = YES;
				INFOPLIST_KEY_UIApplicationSceneManifest_Generation = YES;
				INFOPLIST_KEY_UIApplicationSupportsIndirectInputEvents = YES;
				INFOPLIST_KEY_UILaunchScreen_Generation = YES;
				INFOPLIST_KEY_UISupportedInterfaceOrientations_iPad = "UIInterfaceOrientationPortrait UIInterfaceOrientationPortraitUpsideDown UIInterfaceOrientationLandscapeLeft UIInterfaceOrientationLandscapeRight";
				INFOPLIST_KEY_UISupportedInterfaceOrientations_iPhone = "UIInterfaceOrientationPortrait UIInterfaceOrientationLandscapeLeft UIInterfaceOrientationLandscapeRight";
				LD_RUNPATH_SEARCH_PATHS = (
					"$(inherited)",
					"@executable_path/Frameworks",
				);
				MARKETING_VERSION = 1.0;
				PRODUCT_BUNDLE_IDENTIFIER = jp.icloud.n.1128.ryuto.MyCooking;
				PRODUCT_NAME = "$(TARGET_NAME)";
				SWIFT_EMIT_LOC_STRINGS = YES;
				SWIFT_VERSION = 5.0;
				TARGETED_DEVICE_FAMILY = "1,2";
			};
			name = Release;
		};
/* End XCBuildConfiguration section */

/* Begin XCConfigurationList section */
		2B6C622B2AB18A1400B2D8D1 /* Build configuration list for PBXProject "MyCooking" */ = {
			isa = XCConfigurationList;
			buildConfigurations = (
				2B6C623C2AB18A1500B2D8D1 /* Debug */,
				2B6C623D2AB18A1500B2D8D1 /* Release */,
			);
			defaultConfigurationIsVisible = 0;
			defaultConfigurationName = Release;
		};
		2B6C623E2AB18A1500B2D8D1 /* Build configuration list for PBXNativeTarget "MyCooking" */ = {
			isa = XCConfigurationList;
			buildConfigurations = (
				2B6C623F2AB18A1500B2D8D1 /* Debug */,
				2B6C62402AB18A1500B2D8D1 /* Release */,
			);
			defaultConfigurationIsVisible = 0;
			defaultConfigurationName = Release;
		};
/* End XCConfigurationList section */

/* Begin XCRemoteSwiftPackageReference section */
		2B740F0E2B4FC77F00735A36 /* XCRemoteSwiftPackageReference "firebase-ios-sdk" */ = {
			isa = XCRemoteSwiftPackageReference;
			repositoryURL = "https://github.com/firebase/firebase-ios-sdk";
			requirement = {
				kind = upToNextMajorVersion;
				minimumVersion = 10.19.1;
			};
		};
		2BE283BB2B46790E0095F88D /* XCRemoteSwiftPackageReference "Kingfisher" */ = {
			isa = XCRemoteSwiftPackageReference;
			repositoryURL = "https://github.com/onevcat/Kingfisher.git";
			requirement = {
				kind = upToNextMajorVersion;
				minimumVersion = 7.10.1;
			};
		};
/* End XCRemoteSwiftPackageReference section */

/* Begin XCSwiftPackageProductDependency section */
		2B740F0F2B4FC77F00735A36 /* FirebaseAnalytics */ = {
			isa = XCSwiftPackageProductDependency;
			package = 2B740F0E2B4FC77F00735A36 /* XCRemoteSwiftPackageReference "firebase-ios-sdk" */;
			productName = FirebaseAnalytics;
		};
		2B740F112B4FC77F00735A36 /* FirebaseAnalyticsOnDeviceConversion */ = {
			isa = XCSwiftPackageProductDependency;
			package = 2B740F0E2B4FC77F00735A36 /* XCRemoteSwiftPackageReference "firebase-ios-sdk" */;
			productName = FirebaseAnalyticsOnDeviceConversion;
		};
		2B740F132B4FC77F00735A36 /* FirebaseAnalyticsSwift */ = {
			isa = XCSwiftPackageProductDependency;
			package = 2B740F0E2B4FC77F00735A36 /* XCRemoteSwiftPackageReference "firebase-ios-sdk" */;
			productName = FirebaseAnalyticsSwift;
		};
		2B740F152B4FC77F00735A36 /* FirebaseAnalyticsWithoutAdIdSupport */ = {
			isa = XCSwiftPackageProductDependency;
			package = 2B740F0E2B4FC77F00735A36 /* XCRemoteSwiftPackageReference "firebase-ios-sdk" */;
			productName = FirebaseAnalyticsWithoutAdIdSupport;
		};
		2B740F172B4FC77F00735A36 /* FirebaseAppCheck */ = {
			isa = XCSwiftPackageProductDependency;
			package = 2B740F0E2B4FC77F00735A36 /* XCRemoteSwiftPackageReference "firebase-ios-sdk" */;
			productName = FirebaseAppCheck;
		};
		2B740F192B4FC77F00735A36 /* FirebaseAppDistribution-Beta */ = {
			isa = XCSwiftPackageProductDependency;
			package = 2B740F0E2B4FC77F00735A36 /* XCRemoteSwiftPackageReference "firebase-ios-sdk" */;
			productName = "FirebaseAppDistribution-Beta";
		};
		2B740F1B2B4FC77F00735A36 /* FirebaseAuth */ = {
			isa = XCSwiftPackageProductDependency;
			package = 2B740F0E2B4FC77F00735A36 /* XCRemoteSwiftPackageReference "firebase-ios-sdk" */;
			productName = FirebaseAuth;
		};
		2B740F1D2B4FC77F00735A36 /* FirebaseAuthCombine-Community */ = {
			isa = XCSwiftPackageProductDependency;
			package = 2B740F0E2B4FC77F00735A36 /* XCRemoteSwiftPackageReference "firebase-ios-sdk" */;
			productName = "FirebaseAuthCombine-Community";
		};
		2B740F1F2B4FC77F00735A36 /* FirebaseCrashlytics */ = {
			isa = XCSwiftPackageProductDependency;
			package = 2B740F0E2B4FC77F00735A36 /* XCRemoteSwiftPackageReference "firebase-ios-sdk" */;
			productName = FirebaseCrashlytics;
		};
		2B740F212B4FC77F00735A36 /* FirebaseDatabase */ = {
			isa = XCSwiftPackageProductDependency;
			package = 2B740F0E2B4FC77F00735A36 /* XCRemoteSwiftPackageReference "firebase-ios-sdk" */;
			productName = FirebaseDatabase;
		};
		2B740F232B4FC77F00735A36 /* FirebaseDatabaseSwift */ = {
			isa = XCSwiftPackageProductDependency;
			package = 2B740F0E2B4FC77F00735A36 /* XCRemoteSwiftPackageReference "firebase-ios-sdk" */;
			productName = FirebaseDatabaseSwift;
		};
		2B740F252B4FC77F00735A36 /* FirebaseDynamicLinks */ = {
			isa = XCSwiftPackageProductDependency;
			package = 2B740F0E2B4FC77F00735A36 /* XCRemoteSwiftPackageReference "firebase-ios-sdk" */;
			productName = FirebaseDynamicLinks;
		};
		2B740F272B4FC77F00735A36 /* FirebaseFirestore */ = {
			isa = XCSwiftPackageProductDependency;
			package = 2B740F0E2B4FC77F00735A36 /* XCRemoteSwiftPackageReference "firebase-ios-sdk" */;
			productName = FirebaseFirestore;
		};
		2B740F292B4FC77F00735A36 /* FirebaseFirestoreCombine-Community */ = {
			isa = XCSwiftPackageProductDependency;
			package = 2B740F0E2B4FC77F00735A36 /* XCRemoteSwiftPackageReference "firebase-ios-sdk" */;
			productName = "FirebaseFirestoreCombine-Community";
		};
		2B740F2B2B4FC77F00735A36 /* FirebaseFirestoreSwift */ = {
			isa = XCSwiftPackageProductDependency;
			package = 2B740F0E2B4FC77F00735A36 /* XCRemoteSwiftPackageReference "firebase-ios-sdk" */;
			productName = FirebaseFirestoreSwift;
		};
		2B740F2D2B4FC77F00735A36 /* FirebaseFunctions */ = {
			isa = XCSwiftPackageProductDependency;
			package = 2B740F0E2B4FC77F00735A36 /* XCRemoteSwiftPackageReference "firebase-ios-sdk" */;
			productName = FirebaseFunctions;
		};
		2B740F2F2B4FC77F00735A36 /* FirebaseFunctionsCombine-Community */ = {
			isa = XCSwiftPackageProductDependency;
			package = 2B740F0E2B4FC77F00735A36 /* XCRemoteSwiftPackageReference "firebase-ios-sdk" */;
			productName = "FirebaseFunctionsCombine-Community";
		};
		2B740F312B4FC77F00735A36 /* FirebaseInAppMessaging-Beta */ = {
			isa = XCSwiftPackageProductDependency;
			package = 2B740F0E2B4FC77F00735A36 /* XCRemoteSwiftPackageReference "firebase-ios-sdk" */;
			productName = "FirebaseInAppMessaging-Beta";
		};
		2B740F332B4FC77F00735A36 /* FirebaseInAppMessagingSwift-Beta */ = {
			isa = XCSwiftPackageProductDependency;
			package = 2B740F0E2B4FC77F00735A36 /* XCRemoteSwiftPackageReference "firebase-ios-sdk" */;
			productName = "FirebaseInAppMessagingSwift-Beta";
		};
		2B740F352B4FC77F00735A36 /* FirebaseInstallations */ = {
			isa = XCSwiftPackageProductDependency;
			package = 2B740F0E2B4FC77F00735A36 /* XCRemoteSwiftPackageReference "firebase-ios-sdk" */;
			productName = FirebaseInstallations;
		};
		2B740F372B4FC77F00735A36 /* FirebaseMLModelDownloader */ = {
			isa = XCSwiftPackageProductDependency;
			package = 2B740F0E2B4FC77F00735A36 /* XCRemoteSwiftPackageReference "firebase-ios-sdk" */;
			productName = FirebaseMLModelDownloader;
		};
		2B740F392B4FC77F00735A36 /* FirebaseMessaging */ = {
			isa = XCSwiftPackageProductDependency;
			package = 2B740F0E2B4FC77F00735A36 /* XCRemoteSwiftPackageReference "firebase-ios-sdk" */;
			productName = FirebaseMessaging;
		};
		2B740F3B2B4FC77F00735A36 /* FirebasePerformance */ = {
			isa = XCSwiftPackageProductDependency;
			package = 2B740F0E2B4FC77F00735A36 /* XCRemoteSwiftPackageReference "firebase-ios-sdk" */;
			productName = FirebasePerformance;
		};
		2B740F3D2B4FC77F00735A36 /* FirebaseRemoteConfig */ = {
			isa = XCSwiftPackageProductDependency;
			package = 2B740F0E2B4FC77F00735A36 /* XCRemoteSwiftPackageReference "firebase-ios-sdk" */;
			productName = FirebaseRemoteConfig;
		};
		2B740F3F2B4FC77F00735A36 /* FirebaseRemoteConfigSwift */ = {
			isa = XCSwiftPackageProductDependency;
			package = 2B740F0E2B4FC77F00735A36 /* XCRemoteSwiftPackageReference "firebase-ios-sdk" */;
			productName = FirebaseRemoteConfigSwift;
		};
		2B740F412B4FC77F00735A36 /* FirebaseStorage */ = {
			isa = XCSwiftPackageProductDependency;
			package = 2B740F0E2B4FC77F00735A36 /* XCRemoteSwiftPackageReference "firebase-ios-sdk" */;
			productName = FirebaseStorage;
		};
		2B740F432B4FC77F00735A36 /* FirebaseStorageCombine-Community */ = {
			isa = XCSwiftPackageProductDependency;
			package = 2B740F0E2B4FC77F00735A36 /* XCRemoteSwiftPackageReference "firebase-ios-sdk" */;
			productName = "FirebaseStorageCombine-Community";
		};
		2BE283BC2B46790E0095F88D /* Kingfisher */ = {
			isa = XCSwiftPackageProductDependency;
			package = 2BE283BB2B46790E0095F88D /* XCRemoteSwiftPackageReference "Kingfisher" */;
			productName = Kingfisher;
		};
/* End XCSwiftPackageProductDependency section */
	};
	rootObject = 2B6C62282AB18A1400B2D8D1 /* Project object */;
}
